{
    "_meta": {
        "hash": {
            "sha256": "52f27a50ff30c9569f0fc10459915f688d669b9e2fd3644dd3e2bc92df4421cf"
        },
        "pipfile-spec": 6,
        "requires": {
            "python_version": "3.7"
        },
        "sources": [
            {
                "name": "pypi",
                "url": "https://pypi.org/simple",
                "verify_ssl": true
            }
        ]
    },
    "default": {
        "fabulous": {
            "hashes": [
                "sha256:54040da01d7ce1e937fc4b61d265e872b007463bea411a3a5762f4d6ee55c312"
            ],
            "index": "pypi",
            "version": "==0.3.0"
        },
        "quilt-lang": {
            "hashes": [
                "sha256:6b7e7e9ea0712be1d46dcf735255ebd237ab97861b0bf957475583c9e38da8b9",
                "sha256:88b5fb5c9d700a10421ac1c6d5169aeeb4a873f250404eb22ef917b854d07474"
            ],
            "index": "pypi",
            "version": "==0.11.1"
        }
    },
    "develop": {}
}
